
Microsoft Visual Studio Solution File, Format Version 10.00
# Visual C++ Express 2008
Project("{8BC9CEB8-8B4A-11D0-8D11-00A0C91BC942}") = "hge_tut04", "hge_tut04.vcproj", "{68F14DAC-E540-48F5-9041-1C109E52B232}"
EndProject
Global
	GlobalSection(SolutionConfigurationPlatforms) = preSolution
		Debug|Win32 = Debug|Win32
		Release|Win32 = Release|Win32
	EndGlobalSection
	GlobalSection(ProjectConfigurationPlatforms) = postSolution
		{68F14DAC-E540-48F5-9041-1C109E52B232}.Debug|Win32.ActiveCfg = Debug|Win32
		{68F14DAC-E540-48F5-9041-1C109E52B232}.Debug|Win32.Build.0 = Debug|Win32
		{68F14DAC-E540-48F5-9041-1C109E52B232}.Release|Win32.ActiveCfg = Release|Win32
		{68F14DAC-E540-48F5-9041-1C109E52B232}.Release|Win32.Build.0 = Release|Win32
	EndGlobalSection
	GlobalSection(SolutionProperties) = preSolution
		HideSolutionNode = FALSE
	EndGlobalSection
EndGlobal
