
Microsoft Visual Studio Solution File, Format Version 10.00
# Visual C++ Express 2008
Project("{8BC9CEB8-8B4A-11D0-8D11-00A0C91BC942}") = "hge_tut08", "hge_tut08.vcproj", "{79EE9872-FFEE-4E7C-A0E5-FCB0C8715D6F}"
EndProject
Global
	GlobalSection(SolutionConfigurationPlatforms) = preSolution
		Debug|Win32 = Debug|Win32
		Release|Win32 = Release|Win32
	EndGlobalSection
	GlobalSection(ProjectConfigurationPlatforms) = postSolution
		{79EE9872-FFEE-4E7C-A0E5-FCB0C8715D6F}.Debug|Win32.ActiveCfg = Debug|Win32
		{79EE9872-FFEE-4E7C-A0E5-FCB0C8715D6F}.Debug|Win32.Build.0 = Debug|Win32
		{79EE9872-FFEE-4E7C-A0E5-FCB0C8715D6F}.Release|Win32.ActiveCfg = Release|Win32
		{79EE9872-FFEE-4E7C-A0E5-FCB0C8715D6F}.Release|Win32.Build.0 = Release|Win32
	EndGlobalSection
	GlobalSection(SolutionProperties) = preSolution
		HideSolutionNode = FALSE
	EndGlobalSection
EndGlobal
